lockfileVersion: '9.0'

settings:
  autoInstallPeers: true
  excludeLinksFromLockfile: false

importers:

  .:
    dependencies:
      '@tabler/icons-react':
        specifier: ^3.29.0
        version: 3.29.0(react@19.0.0)

packages:

  '@tabler/icons-react@3.29.0':
    resolution: {integrity: sha512-jaa3b3j91CplY7TPgx/Gj/e+PcOnQgYiK6c5qtp1P0ytfKM5WPc1qtXyRLE3NcYlfxS2Pcst4YGy1vUML7SjbQ==}
    peerDependencies:
      react: '>= 16'

  '@tabler/icons@3.29.0':
    resolution: {integrity: sha512-VWNINymdmhay3MDvWVREmRwuWLSrX3YiInKvs5L4AHRF4bAfJabLlEReE0BW/XFsBt22ff8/C8Eam/LXlF97mA==}

  react@19.0.0:
    resolution: {integrity: sha512-V8AVnmPIICiWpGfm6GLzCR/W5FXLchHop40W4nXBmdlEceh16rCN8O8LNWm5bh5XUX91fh7KpA+W0TgMKmgTpQ==}
    engines: {node: '>=0.10.0'}

snapshots:

  '@tabler/icons-react@3.29.0(react@19.0.0)':
    dependencies:
      '@tabler/icons': 3.29.0
      react: 19.0.0

  '@tabler/icons@3.29.0': {}

  react@19.0.0: {}
